// !$*UTF8*$!
{
	archiveVersion = 1;
	classes = {
	};
	objectVersion = 46;
	objects = {

/* Begin PBXBuildFile section */
		9E1B731A15E8082800E2AB62 /* Cocoa.framework in Frameworks */ = {isa = PBXBuildFile; fileRef = 9E1B731915E8082800E2AB62 /* Cocoa.framework */; };
		9E1B732415E8082800E2AB62 /* InfoPlist.strings in Resources */ = {isa = PBXBuildFile; fileRef = 9E1B732215E8082800E2AB62 /* InfoPlist.strings */; };
		9E1B732615E8082800E2AB62 /* main.m in Sources */ = {isa = PBXBuildFile; fileRef = 9E1B732515E8082800E2AB62 /* main.m */; };
		9E1B732A15E8082800E2AB62 /* Credits.rtf in Resources */ = {isa = PBXBuildFile; fileRef = 9E1B732815E8082800E2AB62 /* Credits.rtf */; };
		9E1B732D15E8082800E2AB62 /* AppDelegate.m in Sources */ = {isa = PBXBuildFile; fileRef = 9E1B732C15E8082800E2AB62 /* AppDelegate.m */; };
		9E1B733015E8082800E2AB62 /* MainMenu.xib in Resources */ = {isa = PBXBuildFile; fileRef = 9E1B732E15E8082800E2AB62 /* MainMenu.xib */; };
		9E1B733815E8082800E2AB62 /* SenTestingKit.framework in Frameworks */ = {isa = PBXBuildFile; fileRef = 9E1B733715E8082800E2AB62 /* SenTestingKit.framework */; };
		9E1B733915E8082800E2AB62 /* Cocoa.framework in Frameworks */ = {isa = PBXBuildFile; fileRef = 9E1B731915E8082800E2AB62 /* Cocoa.framework */; };
		9E1B734E15E8087E00E2AB62 /* WebKit.framework in Frameworks */ = {isa = PBXBuildFile; fileRef = 9E1B734D15E8087E00E2AB62 /* WebKit.framework */; };
/* End PBXBuildFile section */

/* Begin PBXContainerItemProxy section */
		9E1B733A15E8082800E2AB62 /* PBXContainerItemProxy */ = {
			isa = PBXContainerItemProxy;
			containerPortal = 9E1B730C15E8082800E2AB62 /* Project object */;
			proxyType = 1;
			remoteGlobalIDString = 9E1B731415E8082800E2AB62;
			remoteInfo = webtest;
		};
/* End PBXContainerItemProxy section */

/* Begin PBXFileReference section */
		9E1B731515E8082800E2AB62 /* JsToObjc.app */ = {isa = PBXFileReference; explicitFileType = wrapper.application; includeInIndex = 0; path = JsToObjc.app; sourceTree = BUILT_PRODUCTS_DIR; };
		9E1B731915E8082800E2AB62 /* Cocoa.framework */ = {isa = PBXFileReference; lastKnownFileType = wrapper.framework; name = Cocoa.framework; path = System/Library/Frameworks/Cocoa.framework; sourceTree = SDKROOT; };
		9E1B731C15E8082800E2AB62 /* AppKit.framework */ = {isa = PBXFileReference; lastKnownFileType = wrapper.framework; name = AppKit.framework; path = System/Library/Frameworks/AppKit.framework; sourceTree = SDKROOT; };
		9E1B731D15E8082800E2AB62 /* CoreData.framework */ = {isa = PBXFileReference; lastKnownFileType = wrapper.framework; name = CoreData.framework; path = System/Library/Frameworks/CoreData.framework; sourceTree = SDKROOT; };
		9E1B731E15E8082800E2AB62 /* Foundation.framework */ = {isa = PBXFileReference; lastKnownFileType = wrapper.framework; name = Foundation.framework; path = System/Library/Frameworks/Foundation.framework; sourceTree = SDKROOT; };
		9E1B732115E8082800E2AB62 /* JsToObjc-Info.plist */ = {isa = PBXFileReference; lastKnownFileType = text.plist.xml; path = "JsToObjc-Info.plist"; sourceTree = "<group>"; };
		9E1B732315E8082800E2AB62 /* en */ = {isa = PBXFileReference; lastKnownFileType = text.plist.strings; name = en; path = en.lproj/InfoPlist.strings; sourceTree = "<group>"; };
		9E1B732515E8082800E2AB62 /* main.m */ = {isa = PBXFileReference; lastKnownFileType = sourcecode.c.objc; path = main.m; sourceTree = "<group>"; };
		9E1B732715E8082800E2AB62 /* JsToObjc-Prefix.pch */ = {isa = PBXFileReference; lastKnownFileType = sourcecode.c.h; path = "JsToObjc-Prefix.pch"; sourceTree = "<group>"; };
		9E1B732915E8082800E2AB62 /* en */ = {isa = PBXFileReference; lastKnownFileType = text.rtf; name = en; path = en.lproj/Credits.rtf; sourceTree = "<group>"; };
		9E1B732B15E8082800E2AB62 /* AppDelegate.h */ = {isa = PBXFileReference; lastKnownFileType = sourcecode.c.h; path = AppDelegate.h; sourceTree = "<group>"; };
		9E1B732C15E8082800E2AB62 /* AppDelegate.m */ = {isa = PBXFileReference; lastKnownFileType = sourcecode.c.objc; path = AppDelegate.m; sourceTree = "<group>"; };
		9E1B732F15E8082800E2AB62 /* en */ = {isa = PBXFileReference; lastKnownFileType = file.xib; name = en; path = en.lproj/MainMenu.xib; sourceTree = "<group>"; };
		9E1B733615E8082800E2AB62 /* JsToObjcTests.octest */ = {isa = PBXFileReference; explicitFileType = wrapper.cfbundle; includeInIndex = 0; path = JsToObjcTests.octest; sourceTree = BUILT_PRODUCTS_DIR; };
		9E1B733715E8082800E2AB62 /* SenTestingKit.framework */ = {isa = PBXFileReference; lastKnownFileType = wrapper.framework; name = SenTestingKit.framework; path = Library/Frameworks/SenTestingKit.framework; sourceTree = DEVELOPER_DIR; };
		9E1B734D15E8087E00E2AB62 /* WebKit.framework */ = {isa = PBXFileReference; lastKnownFileType = wrapper.framework; name = WebKit.framework; path = System/Library/Frameworks/WebKit.framework; sourceTree = SDKROOT; };
/* End PBXFileReference section */

/* Begin PBXFrameworksBuildPhase section */
		9E1B731215E8082800E2AB62 /* Frameworks */ = {
			isa = PBXFrameworksBuildPhase;
			buildActionMask = 2147483647;
			files = (
				9E1B734E15E8087E00E2AB62 /* WebKit.framework in Frameworks */,
				9E1B731A15E8082800E2AB62 /* Cocoa.framework in Frameworks */,
			);
			runOnlyForDeploymentPostprocessing = 0;
		};
		9E1B733215E8082800E2AB62 /* Frameworks */ = {
			isa = PBXFrameworksBuildPhase;
			buildActionMask = 2147483647;
			files = (
				9E1B733815E8082800E2AB62 /* SenTestingKit.framework in Frameworks */,
				9E1B733915E8082800E2AB62 /* Cocoa.framework in Frameworks */,
			);
			runOnlyForDeploymentPostprocessing = 0;
		};
/* End PBXFrameworksBuildPhase section */

/* Begin PBXGroup section */
		9E1B730A15E8082800E2AB62 = {
			isa = PBXGroup;
			children = (
				9E1B734D15E8087E00E2AB62 /* WebKit.framework */,
				9E1B731F15E8082800E2AB62 /* JsToObjc */,
				9E1B731815E8082800E2AB62 /* Frameworks */,
				9E1B731615E8082800E2AB62 /* Products */,
			);
			sourceTree = "<group>";
		};
		9E1B731615E8082800E2AB62 /* Products */ = {
			isa = PBXGroup;
			children = (
				9E1B731515E8082800E2AB62 /* JsToObjc.app */,
				9E1B733615E8082800E2AB62 /* JsToObjcTests.octest */,
			);
			name = Products;
			sourceTree = "<group>";
		};
		9E1B731815E8082800E2AB62 /* Frameworks */ = {
			isa = PBXGroup;
			children = (
				9E1B731915E8082800E2AB62 /* Cocoa.framework */,
				9E1B733715E8082800E2AB62 /* SenTestingKit.framework */,
				9E1B731B15E8082800E2AB62 /* Other Frameworks */,
			);
			name = Frameworks;
			sourceTree = "<group>";
		};
		9E1B731B15E8082800E2AB62 /* Other Frameworks */ = {
			isa = PBXGroup;
			children = (
				9E1B731C15E8082800E2AB62 /* AppKit.framework */,
				9E1B731D15E8082800E2AB62 /* CoreData.framework */,
				9E1B731E15E8082800E2AB62 /* Foundation.framework */,
			);
			name = "Other Frameworks";
			sourceTree = "<group>";
		};
		9E1B731F15E8082800E2AB62 /* JsToObjc */ = {
			isa = PBXGroup;
			children = (
				9E1B732B15E8082800E2AB62 /* AppDelegate.h */,
				9E1B732C15E8082800E2AB62 /* AppDelegate.m */,
				9E1B732E15E8082800E2AB62 /* MainMenu.xib */,
				9E1B732015E8082800E2AB62 /* Supporting Files */,
			);
			name = JsToObjc;
			path = webtest;
			sourceTree = "<group>";
		};
		9E1B732015E8082800E2AB62 /* Supporting Files */ = {
			isa = PBXGroup;
			children = (
				9E1B732115E8082800E2AB62 /* JsToObjc-Info.plist */,
				9E1B732215E8082800E2AB62 /* InfoPlist.strings */,
				9E1B732515E8082800E2AB62 /* main.m */,
				9E1B732715E8082800E2AB62 /* JsToObjc-Prefix.pch */,
				9E1B732815E8082800E2AB62 /* Credits.rtf */,
			);
			name = "Supporting Files";
			sourceTree = "<group>";
		};
/* End PBXGroup section */

/* Begin PBXNativeTarget section */
		9E1B731415E8082800E2AB62 /* JsToObjc */ = {
			isa = PBXNativeTarget;
			buildConfigurationList = 9E1B734715E8082800E2AB62 /* Build configuration list for PBXNativeTarget "JsToObjc" */;
			buildPhases = (
				9E1B731115E8082800E2AB62 /* Sources */,
				9E1B731215E8082800E2AB62 /* Frameworks */,
				9E1B731315E8082800E2AB62 /* Resources */,
			);
			buildRules = (
			);
			dependencies = (
			);
			name = JsToObjc;
			productName = webtest;
			productReference = 9E1B731515E8082800E2AB62 /* JsToObjc.app */;
			productType = "com.apple.product-type.application";
		};
		9E1B733515E8082800E2AB62 /* JsToObjcTests */ = {
			isa = PBXNativeTarget;
			buildConfigurationList = 9E1B734A15E8082800E2AB62 /* Build configuration list for PBXNativeTarget "JsToObjcTests" */;
			buildPhases = (
				9E1B733115E8082800E2AB62 /* Sources */,
				9E1B733215E8082800E2AB62 /* Frameworks */,
				9E1B733315E8082800E2AB62 /* Resources */,
				9E1B733415E8082800E2AB62 /* ShellScript */,
			);
			buildRules = (
			);
			dependencies = (
				9E1B733B15E8082800E2AB62 /* PBXTargetDependency */,
			);
			name = JsToObjcTests;
			productName = webtestTests;
			productReference = 9E1B733615E8082800E2AB62 /* JsToObjcTests.octest */;
			productType = "com.apple.product-type.bundle";
		};
/* End PBXNativeTarget section */

/* Begin PBXProject section */
		9E1B730C15E8082800E2AB62 /* Project object */ = {
			isa = PBXProject;
			attributes = {
				LastUpgradeCheck = 0440;
				ORGANIZATIONNAME = "Sebastian Ruiz";
			};
			buildConfigurationList = 9E1B730F15E8082800E2AB62 /* Build configuration list for PBXProject "JsToObjc" */;
			compatibilityVersion = "Xcode 3.2";
			developmentRegion = English;
			hasScannedForEncodings = 0;
			knownRegions = (
				en,
			);
			mainGroup = 9E1B730A15E8082800E2AB62;
			productRefGroup = 9E1B731615E8082800E2AB62 /* Products */;
			projectDirPath = "";
			projectRoot = "";
			targets = (
				9E1B731415E8082800E2AB62 /* JsToObjc */,
				9E1B733515E8082800E2AB62 /* JsToObjcTests */,
			);
		};
/* End PBXProject section */

/* Begin PBXResourcesBuildPhase section */
		9E1B731315E8082800E2AB62 /* Resources */ = {
			isa = PBXResourcesBuildPhase;
			buildActionMask = 2147483647;
			files = (
				9E1B732415E8082800E2AB62 /* InfoPlist.strings in Resources */,
				9E1B732A15E8082800E2AB62 /* Credits.rtf in Resources */,
				9E1B733015E8082800E2AB62 /* MainMenu.xib in Resources */,
			);
			runOnlyForDeploymentPostprocessing = 0;
		};
		9E1B733315E8082800E2AB62 /* Resources */ = {
			isa = PBXResourcesBuildPhase;
			buildActionMask = 2147483647;
			files = (
			);
			runOnlyForDeploymentPostprocessing = 0;
		};
/* End PBXResourcesBuildPhase section */

/* Begin PBXShellScriptBuildPhase section */
		9E1B733415E8082800E2AB62 /* ShellScript */ = {
			isa = PBXShellScriptBuildPhase;
			buildActionMask = 2147483647;
			files = (
			);
			inputPaths = (
			);
			outputPaths = (
			);
			runOnlyForDeploymentPostprocessing = 0;
			shellPath = /bin/sh;
			shellScript = "# Run the unit tests in this test bundle.\n\"${SYSTEM_DEVELOPER_DIR}/Tools/RunUnitTests\"\n";
		};
/* End PBXShellScriptBuildPhase section */

/* Begin PBXSourcesBuildPhase section */
		9E1B731115E8082800E2AB62 /* Sources */ = {
			isa = PBXSourcesBuildPhase;
			buildActionMask = 2147483647;
			files = (
				9E1B732615E8082800E2AB62 /* main.m in Sources */,
				9E1B732D15E8082800E2AB62 /* AppDelegate.m in Sources */,
			);
			runOnlyForDeploymentPostprocessing = 0;
		};
		9E1B733115E8082800E2AB62 /* Sources */ = {
			isa = PBXSourcesBuildPhase;
			buildActionMask = 2147483647;
			files = (
			);
			runOnlyForDeploymentPostprocessing = 0;
		};
/* End PBXSourcesBuildPhase section */

/* Begin PBXTargetDependency section */
		9E1B733B15E8082800E2AB62 /* PBXTargetDependency */ = {
			isa = PBXTargetDependency;
			target = 9E1B731415E8082800E2AB62 /* JsToObjc */;
			targetProxy = 9E1B733A15E8082800E2AB62 /* PBXContainerItemProxy */;
		};
/* End PBXTargetDependency section */

/* Begin PBXVariantGroup section */
		9E1B732215E8082800E2AB62 /* InfoPlist.strings */ = {
			isa = PBXVariantGroup;
			children = (
				9E1B732315E8082800E2AB62 /* en */,
			);
			name = InfoPlist.strings;
			sourceTree = "<group>";
		};
		9E1B732815E8082800E2AB62 /* Credits.rtf */ = {
			isa = PBXVariantGroup;
			children = (
				9E1B732915E8082800E2AB62 /* en */,
			);
			name = Credits.rtf;
			sourceTree = "<group>";
		};
		9E1B732E15E8082800E2AB62 /* MainMenu.xib */ = {
			isa = PBXVariantGroup;
			children = (
				9E1B732F15E8082800E2AB62 /* en */,
			);
			name = MainMenu.xib;
			sourceTree = "<group>";
		};
/* End PBXVariantGroup section */

/* Begin XCBuildConfiguration section */
		9E1B734515E8082800E2AB62 /* Debug */ = {
			isa = XCBuildConfiguration;
			buildSettings = {
				ALWAYS_SEARCH_USER_PATHS = NO;
				ARCHS = "$(ARCHS_STANDARD_64_BIT)";
				CLANG_CXX_LANGUAGE_STANDARD = "gnu++0x";
				CLANG_ENABLE_OBJC_ARC = YES;
				CLANG_WARN__DUPLICATE_METHOD_MATCH = YES;
				COPY_PHASE_STRIP = NO;
				GCC_C_LANGUAGE_STANDARD = gnu99;
				GCC_DYNAMIC_NO_PIC = NO;
				GCC_ENABLE_OBJC_EXCEPTIONS = YES;
				GCC_OPTIMIZATION_LEVEL = 0;
				GCC_PREPROCESSOR_DEFINITIONS = (
					"DEBUG=1",
					"$(inherited)",
				);
				GCC_SYMBOLS_PRIVATE_EXTERN = NO;
				GCC_WARN_64_TO_32_BIT_CONVERSION = YES;
				GCC_WARN_ABOUT_RETURN_TYPE = YES;
				GCC_WARN_UNINITIALIZED_AUTOS = YES;
				GCC_WARN_UNUSED_VARIABLE = YES;
				MACOSX_DEPLOYMENT_TARGET = 10.8;
				ONLY_ACTIVE_ARCH = YES;
				SDKROOT = macosx;
			};
			name = Debug;
		};
		9E1B734615E8082800E2AB62 /* Release */ = {
			isa = XCBuildConfiguration;
			buildSettings = {
				ALWAYS_SEARCH_USER_PATHS = NO;
				ARCHS = "$(ARCHS_STANDARD_64_BIT)";
				CLANG_CXX_LANGUAGE_STANDARD = "gnu++0x";
				CLANG_ENABLE_OBJC_ARC = YES;
				CLANG_WARN__DUPLICATE_METHOD_MATCH = YES;
				COPY_PHASE_STRIP = YES;
				DEBUG_INFORMATION_FORMAT = "dwarf-with-dsym";
				GCC_C_LANGUAGE_STANDARD = gnu99;
				GCC_ENABLE_OBJC_EXCEPTIONS = YES;
				GCC_WARN_64_TO_32_BIT_CONVERSION = YES;
				GCC_WARN_ABOUT_RETURN_TYPE = YES;
				GCC_WARN_UNINITIALIZED_AUTOS = YES;
				GCC_WARN_UNUSED_VARIABLE = YES;
				MACOSX_DEPLOYMENT_TARGET = 10.8;
				SDKROOT = macosx;
			};
			name = Release;
		};
		9E1B734815E8082800E2AB62 /* Debug */ = {
			isa = XCBuildConfiguration;
			buildSettings = {
				COMBINE_HIDPI_IMAGES = YES;
				GCC_PRECOMPILE_PREFIX_HEADER = YES;
				GCC_PREFIX_HEADER = "webtest/JsToObjc-Prefix.pch";
				INFOPLIST_FILE = "webtest/JsToObjc-Info.plist";
				PRODUCT_NAME = JsToObjc;
				WRAPPER_EXTENSION = app;
			};
			name = Debug;
		};
		9E1B734915E8082800E2AB62 /* Release */ = {
			isa = XCBuildConfiguration;
			buildSettings = {
				COMBINE_HIDPI_IMAGES = YES;
				GCC_PRECOMPILE_PREFIX_HEADER = YES;
				GCC_PREFIX_HEADER = "webtest/JsToObjc-Prefix.pch";
				INFOPLIST_FILE = "webtest/JsToObjc-Info.plist";
				PRODUCT_NAME = JsToObjc;
				WRAPPER_EXTENSION = app;
			};
			name = Release;
		};
		9E1B734B15E8082800E2AB62 /* Debug */ = {
			isa = XCBuildConfiguration;
			buildSettings = {
				BUNDLE_LOADER = "$(BUILT_PRODUCTS_DIR)/webtest.app/Contents/MacOS/webtest";
				COMBINE_HIDPI_IMAGES = YES;
				FRAMEWORK_SEARCH_PATHS = "\"$(DEVELOPER_LIBRARY_DIR)/Frameworks\"";
				GCC_PRECOMPILE_PREFIX_HEADER = YES;
				GCC_PREFIX_HEADER = "webtest/webtest-Prefix.pch";
				INFOPLIST_FILE = "webtestTests/AutoLoginTests-Info.plist";
				PRODUCT_NAME = JsToObjcTests;
				TEST_HOST = "$(BUNDLE_LOADER)";
				WRAPPER_EXTENSION = octest;
			};
			name = Debug;
		};
		9E1B734C15E8082800E2AB62 /* Release */ = {
			isa = XCBuildConfiguration;
			buildSettings = {
				BUNDLE_LOADER = "$(BUILT_PRODUCTS_DIR)/webtest.app/Contents/MacOS/webtest";
				COMBINE_HIDPI_IMAGES = YES;
				FRAMEWORK_SEARCH_PATHS = "\"$(DEVELOPER_LIBRARY_DIR)/Frameworks\"";
				GCC_PRECOMPILE_PREFIX_HEADER = YES;
				GCC_PREFIX_HEADER = "webtest/webtest-Prefix.pch";
				INFOPLIST_FILE = "webtestTests/AutoLoginTests-Info.plist";
				PRODUCT_NAME = JsToObjcTests;
				TEST_HOST = "$(BUNDLE_LOADER)";
				WRAPPER_EXTENSION = octest;
			};
			name = Release;
		};
/* End XCBuildConfiguration section */

/* Begin XCConfigurationList section */
		9E1B730F15E8082800E2AB62 /* Build configuration list for PBXProject "JsToObjc" */ = {
			isa = XCConfigurationList;
			buildConfigurations = (
				9E1B734515E8082800E2AB62 /* Debug */,
				9E1B734615E8082800E2AB62 /* Release */,
			);
			defaultConfigurationIsVisible = 0;
			defaultConfigurationName = Release;
		};
		9E1B734715E8082800E2AB62 /* Build configuration list for PBXNativeTarget "JsToObjc" */ = {
			isa = XCConfigurationList;
			buildConfigurations = (
				9E1B734815E8082800E2AB62 /* Debug */,
				9E1B734915E8082800E2AB62 /* Release */,
			);
			defaultConfigurationIsVisible = 0;
			defaultConfigurationName = Release;
		};
		9E1B734A15E8082800E2AB62 /* Build configuration list for PBXNativeTarget "JsToObjcTests" */ = {
			isa = XCConfigurationList;
			buildConfigurations = (
				9E1B734B15E8082800E2AB62 /* Debug */,
				9E1B734C15E8082800E2AB62 /* Release */,
			);
			defaultConfigurationIsVisible = 0;
			defaultConfigurationName = Release;
		};
/* End XCConfigurationList section */
	};
	rootObject = 9E1B730C15E8082800E2AB62 /* Project object */;
}
